
Microsoft Visual Studio Solution File, Format Version 12.00
# Visual Studio Version 16
VisualStudioVersion = 16.0.29020.237
MinimumVisualStudioVersion = 10.0.40219.1
Project("{FAE04EC0-301F-11D3-BF4B-00C04F79EFBC}") = "SteamVR", "SteamVR.csproj", "{F68E1CB3-9979-58AD-0424-540EDA18276F}"
EndProject
Project("{FAE04EC0-301F-11D3-BF4B-00C04F79EFBC}") = "Assembly-CSharp", "Assembly-CSharp.csproj", "{CC11E565-9C7B-C5D8-F2DE-952BCA586533}"
EndProject
Project("{FAE04EC0-301F-11D3-BF4B-00C04F79EFBC}") = "SteamVR_Actions", "SteamVR_Actions.csproj", "{6B997DF2-5FD2-B8E6-58F3-D4EC67BE5BAB}"
EndProject
Project("{FAE04EC0-301F-11D3-BF4B-00C04F79EFBC}") = "SteamVR_Editor", "SteamVR_Editor.csproj", "{2BC2D392-E7FE-DAFE-C7FE-A8FBC5A5BE67}"
EndProject
Project("{FAE04EC0-301F-11D3-BF4B-00C04F79EFBC}") = "SteamVR_Input_Editor", "SteamVR_Input_Editor.csproj", "{37BC3808-490D-8FE7-8691-05A081D94B33}"
EndProject
Project("{FAE04EC0-301F-11D3-BF4B-00C04F79EFBC}") = "SteamVR_Windows_EditorHelper", "SteamVR_Windows_EditorHelper.csproj", "{422747E7-0FDA-16FD-B2F0-A819427110C2}"
EndProject
Global
	GlobalSection(SolutionConfigurationPlatforms) = preSolution
		Debug|Any CPU = Debug|Any CPU
		Release|Any CPU = Release|Any CPU
	EndGlobalSection
	GlobalSection(ProjectConfigurationPlatforms) = postSolution
		{F68E1CB3-9979-58AD-0424-540EDA18276F}.Debug|Any CPU.ActiveCfg = Debug|Any CPU
		{F68E1CB3-9979-58AD-0424-540EDA18276F}.Debug|Any CPU.Build.0 = Debug|Any CPU
		{F68E1CB3-9979-58AD-0424-540EDA18276F}.Release|Any CPU.ActiveCfg = Release|Any CPU
		{F68E1CB3-9979-58AD-0424-540EDA18276F}.Release|Any CPU.Build.0 = Release|Any CPU
		{CC11E565-9C7B-C5D8-F2DE-952BCA586533}.Debug|Any CPU.ActiveCfg = Debug|Any CPU
		{CC11E565-9C7B-C5D8-F2DE-952BCA586533}.Debug|Any CPU.Build.0 = Debug|Any CPU
		{CC11E565-9C7B-C5D8-F2DE-952BCA586533}.Release|Any CPU.ActiveCfg = Release|Any CPU
		{CC11E565-9C7B-C5D8-F2DE-952BCA586533}.Release|Any CPU.Build.0 = Release|Any CPU
		{6B997DF2-5FD2-B8E6-58F3-D4EC67BE5BAB}.Debug|Any CPU.ActiveCfg = Debug|Any CPU
		{6B997DF2-5FD2-B8E6-58F3-D4EC67BE5BAB}.Debug|Any CPU.Build.0 = Debug|Any CPU
		{6B997DF2-5FD2-B8E6-58F3-D4EC67BE5BAB}.Release|Any CPU.ActiveCfg = Release|Any CPU
		{6B997DF2-5FD2-B8E6-58F3-D4EC67BE5BAB}.Release|Any CPU.Build.0 = Release|Any CPU
		{2BC2D392-E7FE-DAFE-C7FE-A8FBC5A5BE67}.Debug|Any CPU.ActiveCfg = Debug|Any CPU
		{2BC2D392-E7FE-DAFE-C7FE-A8FBC5A5BE67}.Debug|Any CPU.Build.0 = Debug|Any CPU
		{2BC2D392-E7FE-DAFE-C7FE-A8FBC5A5BE67}.Release|Any CPU.ActiveCfg = Release|Any CPU
		{2BC2D392-E7FE-DAFE-C7FE-A8FBC5A5BE67}.Release|Any CPU.Build.0 = Release|Any CPU
		{37BC3808-490D-8FE7-8691-05A081D94B33}.Debug|Any CPU.ActiveCfg = Debug|Any CPU
		{37BC3808-490D-8FE7-8691-05A081D94B33}.Debug|Any CPU.Build.0 = Debug|Any CPU
		{37BC3808-490D-8FE7-8691-05A081D94B33}.Release|Any CPU.ActiveCfg = Release|Any CPU
		{37BC3808-490D-8FE7-8691-05A081D94B33}.Release|Any CPU.Build.0 = Release|Any CPU
		{422747E7-0FDA-16FD-B2F0-A819427110C2}.Debug|Any CPU.ActiveCfg = Debug|Any CPU
		{422747E7-0FDA-16FD-B2F0-A819427110C2}.Debug|Any CPU.Build.0 = Debug|Any CPU
		{422747E7-0FDA-16FD-B2F0-A819427110C2}.Release|Any CPU.ActiveCfg = Release|Any CPU
		{422747E7-0FDA-16FD-B2F0-A819427110C2}.Release|Any CPU.Build.0 = Release|Any CPU
	EndGlobalSection
	GlobalSection(SolutionProperties) = preSolution
		HideSolutionNode = FALSE
	EndGlobalSection
	GlobalSection(ExtensibilityGlobals) = postSolution
		SolutionGuid = {A8B49CE7-C5F6-41F1-9120-79DF851A6F4C}
	EndGlobalSection
EndGlobal
